
Microsoft Visual Studio Solution File, Format Version 12.00
# Visual Studio Version 16
VisualStudioVersion = 16.0.29324.140
MinimumVisualStudioVersion = 10.0.40219.1
Project("{FAE04EC0-301F-11D3-BF4B-00C04F79EFBC}") = "GUI", "GUI\GUI.csproj", "{1C481791-57FB-42EE-8E73-CF53EC71FE1A}"
EndProject
Project("{FAE04EC0-301F-11D3-BF4B-00C04F79EFBC}") = "BUS", "BUS\BUS.csproj", "{26503A10-DB6D-4A24-B29B-9E42F202BAC5}"
EndProject
Project("{FAE04EC0-301F-11D3-BF4B-00C04F79EFBC}") = "DAO", "DAO\DAO.csproj", "{8AA7691F-0820-4166-9A96-0D16A6B3493B}"
EndProject
Project("{FAE04EC0-301F-11D3-BF4B-00C04F79EFBC}") = "DTO", "DTO\DTO.csproj", "{C94E1956-758D-43C7-8FE5-47B646FB64DC}"
EndProject
Global
	GlobalSection(SolutionConfigurationPlatforms) = preSolution
		Debug|Any CPU = Debug|Any CPU
		Release|Any CPU = Release|Any CPU
	EndGlobalSection
	GlobalSection(ProjectConfigurationPlatforms) = postSolution
		{1C481791-57FB-42EE-8E73-CF53EC71FE1A}.Debug|Any CPU.ActiveCfg = Debug|Any CPU
		{1C481791-57FB-42EE-8E73-CF53EC71FE1A}.Debug|Any CPU.Build.0 = Debug|Any CPU
		{1C481791-57FB-42EE-8E73-CF53EC71FE1A}.Release|Any CPU.ActiveCfg = Release|Any CPU
		{1C481791-57FB-42EE-8E73-CF53EC71FE1A}.Release|Any CPU.Build.0 = Release|Any CPU
		{26503A10-DB6D-4A24-B29B-9E42F202BAC5}.Debug|Any CPU.ActiveCfg = Debug|Any CPU
		{26503A10-DB6D-4A24-B29B-9E42F202BAC5}.Debug|Any CPU.Build.0 = Debug|Any CPU
		{26503A10-DB6D-4A24-B29B-9E42F202BAC5}.Release|Any CPU.ActiveCfg = Release|Any CPU
		{26503A10-DB6D-4A24-B29B-9E42F202BAC5}.Release|Any CPU.Build.0 = Release|Any CPU
		{8AA7691F-0820-4166-9A96-0D16A6B3493B}.Debug|Any CPU.ActiveCfg = Debug|Any CPU
		{8AA7691F-0820-4166-9A96-0D16A6B3493B}.Debug|Any CPU.Build.0 = Debug|Any CPU
		{8AA7691F-0820-4166-9A96-0D16A6B3493B}.Release|Any CPU.ActiveCfg = Release|Any CPU
		{8AA7691F-0820-4166-9A96-0D16A6B3493B}.Release|Any CPU.Build.0 = Release|Any CPU
		{C94E1956-758D-43C7-8FE5-47B646FB64DC}.Debug|Any CPU.ActiveCfg = Debug|Any CPU
		{C94E1956-758D-43C7-8FE5-47B646FB64DC}.Debug|Any CPU.Build.0 = Debug|Any CPU
		{C94E1956-758D-43C7-8FE5-47B646FB64DC}.Release|Any CPU.ActiveCfg = Release|Any CPU
		{C94E1956-758D-43C7-8FE5-47B646FB64DC}.Release|Any CPU.Build.0 = Release|Any CPU
	EndGlobalSection
	GlobalSection(SolutionProperties) = preSolution
		HideSolutionNode = FALSE
	EndGlobalSection
	GlobalSection(ExtensibilityGlobals) = postSolution
		SolutionGuid = {E02DBE73-5940-4105-A78B-FDA580F3E674}
	EndGlobalSection
EndGlobal
